
Microsoft Visual Studio Solution File, Format Version 12.00
# Visual Studio Version 16
VisualStudioVersion = 16.0.31205.134
MinimumVisualStudioVersion = 10.0.40219.1
Project("{FAE04EC0-301F-11D3-BF4B-00C04F79EFBC}") = "ScooterRentalService", "ScooterRentalService\ScooterRentalService.csproj", "{A7BF5C97-C72F-4233-9936-FA793FFD6BE9}"
EndProject
Project("{FAE04EC0-301F-11D3-BF4B-00C04F79EFBC}") = "ScooterRental.UnitTest", "ScooterRentalTests\ScooterRental.UnitTest.csproj", "{5E281DCE-F610-4B98-A9E7-B4A0FB233973}"
	ProjectSection(ProjectDependencies) = postProject
		{A7BF5C97-C72F-4233-9936-FA793FFD6BE9} = {A7BF5C97-C72F-4233-9936-FA793FFD6BE9}
	EndProjectSection
EndProject
Global
	GlobalSection(SolutionConfigurationPlatforms) = preSolution
		Debug|Any CPU = Debug|Any CPU
		Release|Any CPU = Release|Any CPU
	EndGlobalSection
	GlobalSection(ProjectConfigurationPlatforms) = postSolution
		{A7BF5C97-C72F-4233-9936-FA793FFD6BE9}.Debug|Any CPU.ActiveCfg = Debug|Any CPU
		{A7BF5C97-C72F-4233-9936-FA793FFD6BE9}.Debug|Any CPU.Build.0 = Debug|Any CPU
		{A7BF5C97-C72F-4233-9936-FA793FFD6BE9}.Release|Any CPU.ActiveCfg = Release|Any CPU
		{A7BF5C97-C72F-4233-9936-FA793FFD6BE9}.Release|Any CPU.Build.0 = Release|Any CPU
		{5E281DCE-F610-4B98-A9E7-B4A0FB233973}.Debug|Any CPU.ActiveCfg = Debug|Any CPU
		{5E281DCE-F610-4B98-A9E7-B4A0FB233973}.Debug|Any CPU.Build.0 = Debug|Any CPU
		{5E281DCE-F610-4B98-A9E7-B4A0FB233973}.Release|Any CPU.ActiveCfg = Release|Any CPU
		{5E281DCE-F610-4B98-A9E7-B4A0FB233973}.Release|Any CPU.Build.0 = Release|Any CPU
	EndGlobalSection
	GlobalSection(SolutionProperties) = preSolution
		HideSolutionNode = FALSE
	EndGlobalSection
	GlobalSection(ExtensibilityGlobals) = postSolution
		SolutionGuid = {FA89AAAA-F536-4999-A446-0AEB83520397}
	EndGlobalSection
EndGlobal
